
Microsoft Visual Studio Solution File, Format Version 12.00
# Visual Studio 15
Project("{FAE04EC0-301F-11D3-BF4B-00C04F79EFBC}") = "Assembly-CSharp", "Assembly-CSharp.csproj", "{3C4A2FCE-0B13-8B99-4B0E-891F50980581}"
EndProject
Project("{FAE04EC0-301F-11D3-BF4B-00C04F79EFBC}") = "Assembly-CSharp-Editor", "Assembly-CSharp-Editor.csproj", "{5CD84FC3-E47D-CCB4-0269-69B3C4C41C83}"
EndProject
Global
	GlobalSection(SolutionConfigurationPlatforms) = preSolution
		Debug|Any CPU = Debug|Any CPU
		Release|Any CPU = Release|Any CPU
	EndGlobalSection
	GlobalSection(ProjectConfigurationPlatforms) = postSolution
		{3C4A2FCE-0B13-8B99-4B0E-891F50980581}.Debug|Any CPU.ActiveCfg = Debug|Any CPU
		{3C4A2FCE-0B13-8B99-4B0E-891F50980581}.Debug|Any CPU.Build.0 = Debug|Any CPU
		{3C4A2FCE-0B13-8B99-4B0E-891F50980581}.Release|Any CPU.ActiveCfg = Release|Any CPU
		{3C4A2FCE-0B13-8B99-4B0E-891F50980581}.Release|Any CPU.Build.0 = Release|Any CPU
		{5CD84FC3-E47D-CCB4-0269-69B3C4C41C83}.Debug|Any CPU.ActiveCfg = Debug|Any CPU
		{5CD84FC3-E47D-CCB4-0269-69B3C4C41C83}.Debug|Any CPU.Build.0 = Debug|Any CPU
		{5CD84FC3-E47D-CCB4-0269-69B3C4C41C83}.Release|Any CPU.ActiveCfg = Release|Any CPU
		{5CD84FC3-E47D-CCB4-0269-69B3C4C41C83}.Release|Any CPU.Build.0 = Release|Any CPU
	EndGlobalSection
	GlobalSection(SolutionProperties) = preSolution
		HideSolutionNode = FALSE
	EndGlobalSection
EndGlobal
